// !$*UTF8*$!
{
	archiveVersion = 1;
	classes = {
	};
	objectVersion = 46;
	objects = {

/* Begin PBXBuildFile section */
		675DB6F01ADFF8D900CFAD7A /* main.cpp in Sources */ = {isa = PBXBuildFile; fileRef = 675DB6EF1ADFF8D900CFAD7A /* main.cpp */; };
/* End PBXBuildFile section */

/* Begin PBXCopyFilesBuildPhase section */
		675DB6EA1ADFF8D900CFAD7A /* CopyFiles */ = {
			isa = PBXCopyFilesBuildPhase;
			buildActionMask = 2147483647;
			dstPath = /usr/share/man/man1/;
			dstSubfolderSpec = 0;
			files = (
			);
			runOnlyForDeploymentPostprocessing = 1;
		};
/* End PBXCopyFilesBuildPhase section */

/* Begin PBXFileReference section */
		675DB6EC1ADFF8D900CFAD7A /* Word Generator */ = {isa = PBXFileReference; explicitFileType = "compiled.mach-o.executable"; includeInIndex = 0; path = "Word Generator"; sourceTree = BUILT_PRODUCTS_DIR; };
		675DB6EF1ADFF8D900CFAD7A /* main.cpp */ = {isa = PBXFileReference; lastKnownFileType = sourcecode.cpp.cpp; path = main.cpp; sourceTree = "<group>"; };
/* End PBXFileReference section */

/* Begin PBXFrameworksBuildPhase section */
		675DB6E91ADFF8D900CFAD7A /* Frameworks */ = {
			isa = PBXFrameworksBuildPhase;
			buildActionMask = 2147483647;
			files = (
			);
			runOnlyForDeploymentPostprocessing = 0;
		};
/* End PBXFrameworksBuildPhase section */

/* Begin PBXGroup section */
		675DB6E31ADFF8D900CFAD7A = {
			isa = PBXGroup;
			children = (
				675DB6EE1ADFF8D900CFAD7A /* Word Generator */,
				675DB6ED1ADFF8D900CFAD7A /* Products */,
			);
			sourceTree = "<group>";
		};
		675DB6ED1ADFF8D900CFAD7A /* Products */ = {
			isa = PBXGroup;
			children = (
				675DB6EC1ADFF8D900CFAD7A /* Word Generator */,
			);
			name = Products;
			sourceTree = "<group>";
		};
		675DB6EE1ADFF8D900CFAD7A /* Word Generator */ = {
			isa = PBXGroup;
			children = (
				675DB6EF1ADFF8D900CFAD7A /* main.cpp */,
			);
			path = "Word Generator";
			sourceTree = "<group>";
		};
/* End PBXGroup section */

/* Begin PBXNativeTarget section */
		675DB6EB1ADFF8D900CFAD7A /* Word Generator */ = {
			isa = PBXNativeTarget;
			buildConfigurationList = 675DB6F31ADFF8D900CFAD7A /* Build configuration list for PBXNativeTarget "Word Generator" */;
			buildPhases = (
				675DB6E81ADFF8D900CFAD7A /* Sources */,
				675DB6E91ADFF8D900CFAD7A /* Frameworks */,
				675DB6EA1ADFF8D900CFAD7A /* CopyFiles */,
			);
			buildRules = (
			);
			dependencies = (
			);
			name = "Word Generator";
			productName = "Word Generator";
			productReference = 675DB6EC1ADFF8D900CFAD7A /* Word Generator */;
			productType = "com.apple.product-type.tool";
		};
/* End PBXNativeTarget section */

/* Begin PBXProject section */
		675DB6E41ADFF8D900CFAD7A /* Project object */ = {
			isa = PBXProject;
			attributes = {
				LastUpgradeCheck = 0630;
				ORGANIZATIONNAME = "Zoltán Majoros";
				TargetAttributes = {
					675DB6EB1ADFF8D900CFAD7A = {
						CreatedOnToolsVersion = 6.3;
					};
				};
			};
			buildConfigurationList = 675DB6E71ADFF8D900CFAD7A /* Build configuration list for PBXProject "Word Generator" */;
			compatibilityVersion = "Xcode 3.2";
			developmentRegion = English;
			hasScannedForEncodings = 0;
			knownRegions = (
				en,
			);
			mainGroup = 675DB6E31ADFF8D900CFAD7A;
			productRefGroup = 675DB6ED1ADFF8D900CFAD7A /* Products */;
			projectDirPath = "";
			projectRoot = "";
			targets = (
				675DB6EB1ADFF8D900CFAD7A /* Word Generator */,
			);
		};
/* End PBXProject section */

/* Begin PBXSourcesBuildPhase section */
		675DB6E81ADFF8D900CFAD7A /* Sources */ = {
			isa = PBXSourcesBuildPhase;
			buildActionMask = 2147483647;
			files = (
				675DB6F01ADFF8D900CFAD7A /* main.cpp in Sources */,
			);
			runOnlyForDeploymentPostprocessing = 0;
		};
/* End PBXSourcesBuildPhase section */

/* Begin XCBuildConfiguration section */
		675DB6F11ADFF8D900CFAD7A /* Debug */ = {
			isa = XCBuildConfiguration;
			buildSettings = {
				ALWAYS_SEARCH_USER_PATHS = NO;
				CLANG_CXX_LANGUAGE_STANDARD = "gnu++0x";
				CLANG_CXX_LIBRARY = "libc++";
				CLANG_ENABLE_MODULES = YES;
				CLANG_ENABLE_OBJC_ARC = YES;
				CLANG_WARN_BOOL_CONVERSION = YES;
				CLANG_WARN_CONSTANT_CONVERSION = YES;
				CLANG_WARN_DIRECT_OBJC_ISA_USAGE = YES_ERROR;
				CLANG_WARN_EMPTY_BODY = YES;
				CLANG_WARN_ENUM_CONVERSION = YES;
				CLANG_WARN_INT_CONVERSION = YES;
				CLANG_WARN_OBJC_ROOT_CLASS = YES_ERROR;
				CLANG_WARN_UNREACHABLE_CODE = YES;
				CLANG_WARN__DUPLICATE_METHOD_MATCH = YES;
				COPY_PHASE_STRIP = NO;
				DEBUG_INFORMATION_FORMAT = dwarf;
				ENABLE_STRICT_OBJC_MSGSEND = YES;
				GCC_C_LANGUAGE_STANDARD = gnu99;
				GCC_DYNAMIC_NO_PIC = NO;
				GCC_NO_COMMON_BLOCKS = YES;
				GCC_OPTIMIZATION_LEVEL = 0;
				GCC_PREPROCESSOR_DEFINITIONS = (
					"DEBUG=1",
					"$(inherited)",
				);
				GCC_SYMBOLS_PRIVATE_EXTERN = NO;
				GCC_WARN_64_TO_32_BIT_CONVERSION = YES;
				GCC_WARN_ABOUT_RETURN_TYPE = YES_ERROR;
				GCC_WARN_UNDECLARED_SELECTOR = YES;
				GCC_WARN_UNINITIALIZED_AUTOS = YES_AGGRESSIVE;
				GCC_WARN_UNUSED_FUNCTION = YES;
				GCC_WARN_UNUSED_VARIABLE = YES;
				MACOSX_DEPLOYMENT_TARGET = 10.10;
				MTL_ENABLE_DEBUG_INFO = YES;
				ONLY_ACTIVE_ARCH = YES;
				SDKROOT = macosx;
			};
			name = Debug;
		};
		675DB6F21ADFF8D900CFAD7A /* Release */ = {
			isa = XCBuildConfiguration;
			buildSettings = {
				ALWAYS_SEARCH_USER_PATHS = NO;
				CLANG_CXX_LANGUAGE_STANDARD = "gnu++0x";
				CLANG_CXX_LIBRARY = "libc++";
				CLANG_ENABLE_MODULES = YES;
				CLANG_ENABLE_OBJC_ARC = YES;
				CLANG_WARN_BOOL_CONVERSION = YES;
				CLANG_WARN_CONSTANT_CONVERSION = YES;
				CLANG_WARN_DIRECT_OBJC_ISA_USAGE = YES_ERROR;
				CLANG_WARN_EMPTY_BODY = YES;
				CLANG_WARN_ENUM_CONVERSION = YES;
				CLANG_WARN_INT_CONVERSION = YES;
				CLANG_WARN_OBJC_ROOT_CLASS = YES_ERROR;
				CLANG_WARN_UNREACHABLE_CODE = YES;
				CLANG_WARN__DUPLICATE_METHOD_MATCH = YES;
				COPY_PHASE_STRIP = NO;
				DEBUG_INFORMATION_FORMAT = "dwarf-with-dsym";
				ENABLE_NS_ASSERTIONS = NO;
				ENABLE_STRICT_OBJC_MSGSEND = YES;
				GCC_C_LANGUAGE_STANDARD = gnu99;
				GCC_NO_COMMON_BLOCKS = YES;
				GCC_WARN_64_TO_32_BIT_CONVERSION = YES;
				GCC_WARN_ABOUT_RETURN_TYPE = YES_ERROR;
				GCC_WARN_UNDECLARED_SELECTOR = YES;
				GCC_WARN_UNINITIALIZED_AUTOS = YES_AGGRESSIVE;
				GCC_WARN_UNUSED_FUNCTION = YES;
				GCC_WARN_UNUSED_VARIABLE = YES;
				MACOSX_DEPLOYMENT_TARGET = 10.10;
				MTL_ENABLE_DEBUG_INFO = NO;
				SDKROOT = macosx;
			};
			name = Release;
		};
		675DB6F41ADFF8D900CFAD7A /* Debug */ = {
			isa = XCBuildConfiguration;
			buildSettings = {
				PRODUCT_NAME = "$(TARGET_NAME)";
			};
			name = Debug;
		};
		675DB6F51ADFF8D900CFAD7A /* Release */ = {
			isa = XCBuildConfiguration;
			buildSettings = {
				PRODUCT_NAME = "$(TARGET_NAME)";
			};
			name = Release;
		};
/* End XCBuildConfiguration section */

/* Begin XCConfigurationList section */
		675DB6E71ADFF8D900CFAD7A /* Build configuration list for PBXProject "Word Generator" */ = {
			isa = XCConfigurationList;
			buildConfigurations = (
				675DB6F11ADFF8D900CFAD7A /* Debug */,
				675DB6F21ADFF8D900CFAD7A /* Release */,
			);
			defaultConfigurationIsVisible = 0;
			defaultConfigurationName = Release;
		};
		675DB6F31ADFF8D900CFAD7A /* Build configuration list for PBXNativeTarget "Word Generator" */ = {
			isa = XCConfigurationList;
			buildConfigurations = (
				675DB6F41ADFF8D900CFAD7A /* Debug */,
				675DB6F51ADFF8D900CFAD7A /* Release */,
			);
			defaultConfigurationIsVisible = 0;
		};
/* End XCConfigurationList section */
	};
	rootObject = 675DB6E41ADFF8D900CFAD7A /* Project object */;
}
